{
    "name": "fn",
    "version": "1.1.2",
    "lockfileVersion": 1,
    "requires": true,
    "dependencies": {
        "@types/estree": {
            "version": "0.0.38",
            "resolved": "https://registry.npmjs.org/@types/estree/-/estree-0.0.38.tgz",
            "integrity": "sha512-F/v7t1LwS4vnXuPooJQGBRKRGIoxWUTmA4VHfqjOccFsNDThD5bfUNpITive6s352O7o384wcpEaDV8rHCehDA==",
            "dev": true
        },
        "@types/node": {
            "version": "7.0.63",
            "resolved": "https://registry.npmjs.org/@types/node/-/node-7.0.63.tgz",
            "integrity": "sha512-YPVhjU3cADo7M7M1KWeEki9MUMZd3yz5FLq0BXkPrY2jpr0B9VRd4iQ2vBSiLrjvLkIPPluzxQFYJ5JkGubtIw==",
            "dev": true
        },
        "rollup": {
            "version": "0.58.2",
            "resolved": "https://registry.npmjs.org/rollup/-/rollup-0.58.2.tgz",
            "integrity": "sha512-RZVvCWm9BHOYloaE6LLiE/ibpjv1CmI8F8k0B0Cp+q1eezo3cswszJH1DN0djgzSlo0hjuuCmyeI+1XOYLl4wg==",
            "dev": true,
            "requires": {
                "@types/estree": "0.0.38",
                "@types/node": "7.0.63"
            }
        }
    }
}
